
Microsoft Visual Studio Solution File, Format Version 12.00
# Visual Studio 2013
VisualStudioVersion = 12.0.40629.0
MinimumVisualStudioVersion = 10.0.40219.1
Project("{FAE04EC0-301F-11D3-BF4B-00C04F79EFBC}") = "MediaBrowser.Plugins.FrontView", "MediaBrowser.Plugins.FrontView.csproj", "{815AB3F4-6B55-4FC4-9441-9297A3A116CB}"
EndProject
Global
	GlobalSection(SolutionConfigurationPlatforms) = preSolution
		Debug|Any CPU = Debug|Any CPU
		Release|Any CPU = Release|Any CPU
	EndGlobalSection
	GlobalSection(ProjectConfigurationPlatforms) = postSolution
		{815AB3F4-6B55-4FC4-9441-9297A3A116CB}.Debug|Any CPU.ActiveCfg = Debug|Any CPU
		{815AB3F4-6B55-4FC4-9441-9297A3A116CB}.Debug|Any CPU.Build.0 = Debug|Any CPU
		{815AB3F4-6B55-4FC4-9441-9297A3A116CB}.Release|Any CPU.ActiveCfg = Release|Any CPU
		{815AB3F4-6B55-4FC4-9441-9297A3A116CB}.Release|Any CPU.Build.0 = Release|Any CPU
	EndGlobalSection
	GlobalSection(SolutionProperties) = preSolution
		HideSolutionNode = FALSE
	EndGlobalSection
EndGlobal
